Microsoft Visual Studio Solution File, Format Version 11.00
# Visual Studio 2008

Project("{9AD23FCE-A5E9-D001-04F8-B2E1FDA9B4E6}") = "SoundTrack", "Assembly-CSharp.csproj", "{64BD9CFB-96E6-2D5C-8BB4-1965A4538DEC}"
EndProject
Global
	GlobalSection(SolutionConfigurationPlatforms) = preSolution
		Debug|Any CPU = Debug|Any CPU
		Release|Any CPU = Release|Any CPU
	EndGlobalSection
	GlobalSection(ProjectConfigurationPlatforms) = postSolution
		{64BD9CFB-96E6-2D5C-8BB4-1965A4538DEC}.Debug|Any CPU.ActiveCfg = Debug|Any CPU
		{64BD9CFB-96E6-2D5C-8BB4-1965A4538DEC}.Debug|Any CPU.Build.0 = Debug|Any CPU
		{64BD9CFB-96E6-2D5C-8BB4-1965A4538DEC}.Release|Any CPU.ActiveCfg = Release|Any CPU
		{64BD9CFB-96E6-2D5C-8BB4-1965A4538DEC}.Release|Any CPU.Build.0 = Release|Any CPU
	EndGlobalSection
	GlobalSection(SolutionProperties) = preSolution
		HideSolutionNode = FALSE
	EndGlobalSection
	GlobalSection(MonoDevelopProperties) = preSolution
		StartupItem = Assembly-CSharp.csproj
	EndGlobalSection
EndGlobal
